
Microsoft Visual Studio Solution File, Format Version 12.00
# Visual Studio 15
VisualStudioVersion = 15.0.27703.2000
MinimumVisualStudioVersion = 10.0.40219.1
Project("{9A19103F-16F7-4668-BE54-9A1E7A4F7556}") = "WYNlist", "WYNlist\WYNlist.csproj", "{154EF03A-2021-45A6-98BA-2229734A353F}"
EndProject
Global
	GlobalSection(SolutionConfigurationPlatforms) = preSolution
		Debug|Any CPU = Debug|Any CPU
		Release|Any CPU = Release|Any CPU
	EndGlobalSection
	GlobalSection(ProjectConfigurationPlatforms) = postSolution
		{154EF03A-2021-45A6-98BA-2229734A353F}.Debug|Any CPU.ActiveCfg = Debug|Any CPU
		{154EF03A-2021-45A6-98BA-2229734A353F}.Debug|Any CPU.Build.0 = Debug|Any CPU
		{154EF03A-2021-45A6-98BA-2229734A353F}.Release|Any CPU.ActiveCfg = Release|Any CPU
		{154EF03A-2021-45A6-98BA-2229734A353F}.Release|Any CPU.Build.0 = Release|Any CPU
	EndGlobalSection
	GlobalSection(SolutionProperties) = preSolution
		HideSolutionNode = FALSE
	EndGlobalSection
	GlobalSection(ExtensibilityGlobals) = postSolution
		SolutionGuid = {8A0640A5-344E-4BCF-9953-2BDB7BFB8DCD}
	EndGlobalSection
EndGlobal
